{
  "nodes": {
    "nixpkgs": {
      "locked": {
        "lastModified": 1748810746,
        "narHash": "sha256-1na8blYvU1F6HLwx/aFjrhUqpqZ0SCsnqqW9n2vXvok=",
        "rev": "78d9f40fd6941a1543ffc3ed358e19c69961d3c1",
        "revCount": 718572,
        "type": "tarball",
        "url": "https://api.flakehub.com/f/pinned/NixOS/nixpkgs/0.2411.718572%2Brev-78d9f40fd6941a1543ffc3ed358e19c69961d3c1/01973385-d617-77c4-9cb1-00a89a5cb865/source.tar.gz"
      },
      "original": {
        "type": "tarball",
        "url": "https://flakehub.com/f/NixOS/nixpkgs/0.2411.%2A"
      }
    },
    "root": {
      "inputs": {
        "nixpkgs": "nixpkgs"
      }
    }
  },
  "root": "root",
  "version": 7
}
