{
  "nodes": {
    "nixpkgs": {
      "locked": {
        "lastModified": 1734835170,
        "narHash": "sha256-JG6n9tQET7ZLjvwjH9BdYE6pES/Alcduxv2FDXliuBM=",
        "rev": "6df924734e1b626efd70925545de844b1c25246f",
        "revCount": 637358,
        "type": "tarball",
        "url": "https://api.flakehub.com/f/pinned/NixOS/nixpkgs/0.2405.637358%2Brev-6df924734e1b626efd70925545de844b1c25246f/0193f30f-5ca8-72e9-8dad-dd8515c22050/source.tar.gz"
      },
      "original": {
        "type": "tarball",
        "url": "https://flakehub.com/f/NixOS/nixpkgs/0.2405.%2A"
      }
    },
    "root": {
      "inputs": {
        "nixpkgs": "nixpkgs"
      }
    }
  },
  "root": "root",
  "version": 7
}
